// !$*UTF8*$!
{
	archiveVersion = 1;
	classes = {
	};
	objectVersion = 77;
	objects = {

/* Begin PBXContainerItemProxy section */
		A3812FCC2E20A7D00097A760 /* PBXContainerItemProxy */ = {
			isa = PBXContainerItemProxy;
			containerPortal = A3812FAD2E20A7CF0097A760 /* Project object */;
			proxyType = 1;
			remoteGlobalIDString = A3812FB42E20A7CF0097A760;
			remoteInfo = Practice_InputOutput;
		};
		A3812FD62E20A7D00097A760 /* PBXContainerItemProxy */ = {
			isa = PBXContainerItemProxy;
			containerPortal = A3812FAD2E20A7CF0097A760 /* Project object */;
			proxyType = 1;
			remoteGlobalIDString = A3812FB42E20A7CF0097A760;
			remoteInfo = Practice_InputOutput;
		};
/* End PBXContainerItemProxy section */

/* Begin PBXFileReference section */
		A3812FB52E20A7CF0097A760 /* Practice_InputOutput.app */ = {isa = PBXFileReference; explicitFileType = wrapper.application; includeInIndex = 0; path = Practice_InputOutput.app; sourceTree = BUILT_PRODUCTS_DIR; };
		A3812FCB2E20A7D00097A760 /* Practice_InputOutputTests.xctest */ = {isa = PBXFileReference; explicitFileType = wrapper.cfbundle; includeInIndex = 0; path = Practice_InputOutputTests.xctest; sourceTree = BUILT_PRODUCTS_DIR; };
		A3812FD52E20A7D00097A760 /* Practice_InputOutputUITests.xctest */ = {isa = PBXFileReference; explicitFileType = wrapper.cfbundle; includeInIndex = 0; path = Practice_InputOutputUITests.xctest; sourceTree = BUILT_PRODUCTS_DIR; };
/* End PBXFileReference section */

/* Begin PBXFileSystemSynchronizedBuildFileExceptionSet section */
		A3812FDD2E20A7D00097A760 /* Exceptions for "Practice_InputOutput" folder in "Practice_InputOutput" target */ = {
			isa = PBXFileSystemSynchronizedBuildFileExceptionSet;
			membershipExceptions = (
				Info.plist,
			);
			target = A3812FB42E20A7CF0097A760 /* Practice_InputOutput */;
		};
/* End PBXFileSystemSynchronizedBuildFileExceptionSet section */

/* Begin PBXFileSystemSynchronizedRootGroup section */
		A3812FB72E20A7CF0097A760 /* Practice_InputOutput */ = {
			isa = PBXFileSystemSynchronizedRootGroup;
			exceptions = (
				A3812FDD2E20A7D00097A760 /* Exceptions for "Practice_InputOutput" folder in "Practice_InputOutput" target */,
			);
			path = Practice_InputOutput;
			sourceTree = "<group>";
		};
		A3812FCE2E20A7D00097A760 /* Practice_InputOutputTests */ = {
			isa = PBXFileSystemSynchronizedRootGroup;
			path = Practice_InputOutputTests;
			sourceTree = "<group>";
		};
		A3812FD82E20A7D00097A760 /* Practice_InputOutputUITests */ = {
			isa = PBXFileSystemSynchronizedRootGroup;
			path = Practice_InputOutputUITests;
			sourceTree = "<group>";
		};
/* End PBXFileSystemSynchronizedRootGroup section */

/* Begin PBXFrameworksBuildPhase section */
		A3812FB22E20A7CF0097A760 /* Frameworks */ = {
			isa = PBXFrameworksBuildPhase;
			buildActionMask = 2147483647;
			files = (
			);
			runOnlyForDeploymentPostprocessing = 0;
		};
		A3812FC82E20A7D00097A760 /* Frameworks */ = {
			isa = PBXFrameworksBuildPhase;
			buildActionMask = 2147483647;
			files = (
			);
			runOnlyForDeploymentPostprocessing = 0;
		};
		A3812FD22E20A7D00097A760 /* Frameworks */ = {
			isa = PBXFrameworksBuildPhase;
			buildActionMask = 2147483647;
			files = (
			);
			runOnlyForDeploymentPostprocessing = 0;
		};
/* End PBXFrameworksBuildPhase section */

/* Begin PBXGroup section */
		A3812FAC2E20A7CF0097A760 = {
			isa = PBXGroup;
			children = (
				A3812FB72E20A7CF0097A760 /* Practice_InputOutput */,
				A3812FCE2E20A7D00097A760 /* Practice_InputOutputTests */,
				A3812FD82E20A7D00097A760 /* Practice_InputOutputUITests */,
				A3812FB62E20A7CF0097A760 /* Products */,
			);
			sourceTree = "<group>";
		};
		A3812FB62E20A7CF0097A760 /* Products */ = {
			isa = PBXGroup;
			children = (
				A3812FB52E20A7CF0097A760 /* Practice_InputOutput.app */,
				A3812FCB2E20A7D00097A760 /* Practice_InputOutputTests.xctest */,
				A3812FD52E20A7D00097A760 /* Practice_InputOutputUITests.xctest */,
			);
			name = Products;
			sourceTree = "<group>";
		};
/* End PBXGroup section */

/* Begin PBXNativeTarget section */
		A3812FB42E20A7CF0097A760 /* Practice_InputOutput */ = {
			isa = PBXNativeTarget;
			buildConfigurationList = A3812FDE2E20A7D00097A760 /* Build configuration list for PBXNativeTarget "Practice_InputOutput" */;
			buildPhases = (
				A3812FB12E20A7CF0097A760 /* Sources */,
				A3812FB22E20A7CF0097A760 /* Frameworks */,
				A3812FB32E20A7CF0097A760 /* Resources */,
			);
			buildRules = (
			);
			dependencies = (
			);
			fileSystemSynchronizedGroups = (
				A3812FB72E20A7CF0097A760 /* Practice_InputOutput */,
			);
			name = Practice_InputOutput;
			packageProductDependencies = (
			);
			productName = Practice_InputOutput;
			productReference = A3812FB52E20A7CF0097A760 /* Practice_InputOutput.app */;
			productType = "com.apple.product-type.application";
		};
		A3812FCA2E20A7D00097A760 /* Practice_InputOutputTests */ = {
			isa = PBXNativeTarget;
			buildConfigurationList = A3812FE32E20A7D00097A760 /* Build configuration list for PBXNativeTarget "Practice_InputOutputTests" */;
			buildPhases = (
				A3812FC72E20A7D00097A760 /* Sources */,
				A3812FC82E20A7D00097A760 /* Frameworks */,
				A3812FC92E20A7D00097A760 /* Resources */,
			);
			buildRules = (
			);
			dependencies = (
				A3812FCD2E20A7D00097A760 /* PBXTargetDependency */,
			);
			fileSystemSynchronizedGroups = (
				A3812FCE2E20A7D00097A760 /* Practice_InputOutputTests */,
			);
			name = Practice_InputOutputTests;
			packageProductDependencies = (
			);
			productName = Practice_InputOutputTests;
			productReference = A3812FCB2E20A7D00097A760 /* Practice_InputOutputTests.xctest */;
			productType = "com.apple.product-type.bundle.unit-test";
		};
		A3812FD42E20A7D00097A760 /* Practice_InputOutputUITests */ = {
			isa = PBXNativeTarget;
			buildConfigurationList = A3812FE62E20A7D00097A760 /* Build configuration list for PBXNativeTarget "Practice_InputOutputUITests" */;
			buildPhases = (
				A3812FD12E20A7D00097A760 /* Sources */,
				A3812FD22E20A7D00097A760 /* Frameworks */,
				A3812FD32E20A7D00097A760 /* Resources */,
			);
			buildRules = (
			);
			dependencies = (
				A3812FD72E20A7D00097A760 /* PBXTargetDependency */,
			);
			fileSystemSynchronizedGroups = (
				A3812FD82E20A7D00097A760 /* Practice_InputOutputUITests */,
			);
			name = Practice_InputOutputUITests;
			packageProductDependencies = (
			);
			productName = Practice_InputOutputUITests;
			productReference = A3812FD52E20A7D00097A760 /* Practice_InputOutputUITests.xctest */;
			productType = "com.apple.product-type.bundle.ui-testing";
		};
/* End PBXNativeTarget section */

/* Begin PBXProject section */
		A3812FAD2E20A7CF0097A760 /* Project object */ = {
			isa = PBXProject;
			attributes = {
				BuildIndependentTargetsInParallel = 1;
				LastSwiftUpdateCheck = 1610;
				LastUpgradeCheck = 1610;
				TargetAttributes = {
					A3812FB42E20A7CF0097A760 = {
						CreatedOnToolsVersion = 16.1;
					};
					A3812FCA2E20A7D00097A760 = {
						CreatedOnToolsVersion = 16.1;
						TestTargetID = A3812FB42E20A7CF0097A760;
					};
					A3812FD42E20A7D00097A760 = {
						CreatedOnToolsVersion = 16.1;
						TestTargetID = A3812FB42E20A7CF0097A760;
					};
				};
			};
			buildConfigurationList = A3812FB02E20A7CF0097A760 /* Build configuration list for PBXProject "Practice_InputOutput" */;
			developmentRegion = en;
			hasScannedForEncodings = 0;
			knownRegions = (
				en,
				Base,
			);
			mainGroup = A3812FAC2E20A7CF0097A760;
			minimizedProjectReferenceProxies = 1;
			preferredProjectObjectVersion = 77;
			productRefGroup = A3812FB62E20A7CF0097A760 /* Products */;
			projectDirPath = "";
			projectRoot = "";
			targets = (
				A3812FB42E20A7CF0097A760 /* Practice_InputOutput */,
				A3812FCA2E20A7D00097A760 /* Practice_InputOutputTests */,
				A3812FD42E20A7D00097A760 /* Practice_InputOutputUITests */,
			);
		};
/* End PBXProject section */

/* Begin PBXResourcesBuildPhase section */
		A3812FB32E20A7CF0097A760 /* Resources */ = {
			isa = PBXResourcesBuildPhase;
			buildActionMask = 2147483647;
			files = (
			);
			runOnlyForDeploymentPostprocessing = 0;
		};
		A3812FC92E20A7D00097A760 /* Resources */ = {
			isa = PBXResourcesBuildPhase;
			buildActionMask = 2147483647;
			files = (
			);
			runOnlyForDeploymentPostprocessing = 0;
		};
		A3812FD32E20A7D00097A760 /* Resources */ = {
			isa = PBXResourcesBuildPhase;
			buildActionMask = 2147483647;
			files = (
			);
			runOnlyForDeploymentPostprocessing = 0;
		};
/* End PBXResourcesBuildPhase section */

/* Begin PBXSourcesBuildPhase section */
		A3812FB12E20A7CF0097A760 /* Sources */ = {
			isa = PBXSourcesBuildPhase;
			buildActionMask = 2147483647;
			files = (
			);
			runOnlyForDeploymentPostprocessing = 0;
		};
		A3812FC72E20A7D00097A760 /* Sources */ = {
			isa = PBXSourcesBuildPhase;
			buildActionMask = 2147483647;
			files = (
			);
			runOnlyForDeploymentPostprocessing = 0;
		};
		A3812FD12E20A7D00097A760 /* Sources */ = {
			isa = PBXSourcesBuildPhase;
			buildActionMask = 2147483647;
			files = (
			);
			runOnlyForDeploymentPostprocessing = 0;
		};
/* End PBXSourcesBuildPhase section */

/* Begin PBXTargetDependency section */
		A3812FCD2E20A7D00097A760 /* PBXTargetDependency */ = {
			isa = PBXTargetDependency;
			target = A3812FB42E20A7CF0097A760 /* Practice_InputOutput */;
			targetProxy = A3812FCC2E20A7D00097A760 /* PBXContainerItemProxy */;
		};
		A3812FD72E20A7D00097A760 /* PBXTargetDependency */ = {
			isa = PBXTargetDependency;
			target = A3812FB42E20A7CF0097A760 /* Practice_InputOutput */;
			targetProxy = A3812FD62E20A7D00097A760 /* PBXContainerItemProxy */;
		};
/* End PBXTargetDependency section */

/* Begin XCBuildConfiguration section */
		A3812FDF2E20A7D00097A760 /* Debug */ = {
			isa = XCBuildConfiguration;
			buildSettings = {
				ASSETCATALOG_COMPILER_APPICON_NAME = AppIcon;
				ASSETCATALOG_COMPILER_GLOBAL_ACCENT_COLOR_NAME = AccentColor;
				CODE_SIGN_STYLE = Automatic;
				CURRENT_PROJECT_VERSION = 1;
				DEVELOPMENT_TEAM = 76R68ZMQGR;
				GENERATE_INFOPLIST_FILE = YES;
				INFOPLIST_FILE = Practice_InputOutput/Info.plist;
				INFOPLIST_KEY_UIApplicationSupportsIndirectInputEvents = YES;
				INFOPLIST_KEY_UILaunchStoryboardName = LaunchScreen;
				INFOPLIST_KEY_UISupportedInterfaceOrientations_iPad = "UIInterfaceOrientationPortrait UIInterfaceOrientationPortraitUpsideDown UIInterfaceOrientationLandscapeLeft UIInterfaceOrientationLandscapeRight";
				INFOPLIST_KEY_UISupportedInterfaceOrientations_iPhone = "UIInterfaceOrientationPortrait UIInterfaceOrientationLandscapeLeft UIInterfaceOrientationLandscapeRight";
				LD_RUNPATH_SEARCH_PATHS = (
					"$(inherited)",
					"@executable_path/Frameworks",
				);
				MARKETING_VERSION = 1.0;
				PRODUCT_BUNDLE_IDENTIFIER = "natasharadika.Practice-InputOutput";
				PRODUCT_NAME = "$(TARGET_NAME)";
				SWIFT_EMIT_LOC_STRINGS = YES;
				SWIFT_VERSION = 5.0;
				TARGETED_DEVICE_FAMILY = "1,2";
			};
			name = Debug;
		};
		A3812FE02E20A7D00097A760 /* Release */ = {
			isa = XCBuildConfiguration;
			buildSettings = {
				ASSETCATALOG_COMPILER_APPICON_NAME = AppIcon;
				ASSETCATALOG_COMPILER_GLOBAL_ACCENT_COLOR_NAME = AccentColor;
				CODE_SIGN_STYLE = Automatic;
				CURRENT_PROJECT_VERSION = 1;
				DEVELOPMENT_TEAM = 76R68ZMQGR;
				GENERATE_INFOPLIST_FILE = YES;
				INFOPLIST_FILE = Practice_InputOutput/Info.plist;
				INFOPLIST_KEY_UIApplicationSupportsIndirectInputEvents = YES;
				INFOPLIST_KEY_UILaunchStoryboardName = LaunchScreen;
				INFOPLIST_KEY_UISupportedInterfaceOrientations_iPad = "UIInterfaceOrientationPortrait UIInterfaceOrientationPortraitUpsideDown UIInterfaceOrientationLandscapeLeft UIInterfaceOrientationLandscapeRight";
				INFOPLIST_KEY_UISupportedInterfaceOrientations_iPhone = "UIInterfaceOrientationPortrait UIInterfaceOrientationLandscapeLeft UIInterfaceOrientationLandscapeRight";
				LD_RUNPATH_SEARCH_PATHS = (
					"$(inherited)",
					"@executable_path/Frameworks",
				);
				MARKETING_VERSION = 1.0;
				PRODUCT_BUNDLE_IDENTIFIER = "natasharadika.Practice-InputOutput";
				PRODUCT_NAME = "$(TARGET_NAME)";
				SWIFT_EMIT_LOC_STRINGS = YES;
				SWIFT_VERSION = 5.0;
				TARGETED_DEVICE_FAMILY = "1,2";
			};
			name = Release;
		};
		A3812FE12E20A7D00097A760 /* Debug */ = {
			isa = XCBuildConfiguration;
			buildSettings = {
				ALWAYS_SEARCH_USER_PATHS = NO;
				ASSETCATALOG_COMPILER_GENERATE_SWIFT_ASSET_SYMBOL_EXTENSIONS = YES;
				CLANG_ANALYZER_NONNULL = YES;
				CLANG_ANALYZER_NUMBER_OBJECT_CONVERSION = YES_AGGRESSIVE;
				CLANG_CXX_LANGUAGE_STANDARD = "gnu++20";
				CLANG_ENABLE_MODULES = YES;
				CLANG_ENABLE_OBJC_ARC = YES;
				CLANG_ENABLE_OBJC_WEAK = YES;
				CLANG_WARN_BLOCK_CAPTURE_AUTORELEASING = YES;
				CLANG_WARN_BOOL_CONVERSION = YES;
				CLANG_WARN_COMMA = YES;
				CLANG_WARN_CONSTANT_CONVERSION = YES;
				CLANG_WARN_DEPRECATED_OBJC_IMPLEMENTATIONS = YES;
				CLANG_WARN_DIRECT_OBJC_ISA_USAGE = YES_ERROR;
				CLANG_WARN_DOCUMENTATION_COMMENTS = YES;
				CLANG_WARN_EMPTY_BODY = YES;
				CLANG_WARN_ENUM_CONVERSION = YES;
				CLANG_WARN_INFINITE_RECURSION = YES;
				CLANG_WARN_INT_CONVERSION = YES;
				CLANG_WARN_NON_LITERAL_NULL_CONVERSION = YES;
				CLANG_WARN_OBJC_IMPLICIT_RETAIN_SELF = YES;
				CLANG_WARN_OBJC_LITERAL_CONVERSION = YES;
				CLANG_WARN_OBJC_ROOT_CLASS = YES_ERROR;
				CLANG_WARN_QUOTED_INCLUDE_IN_FRAMEWORK_HEADER = YES;
				CLANG_WARN_RANGE_LOOP_ANALYSIS = YES;
				CLANG_WARN_STRICT_PROTOTYPES = YES;
				CLANG_WARN_SUSPICIOUS_MOVE = YES;
				CLANG_WARN_UNGUARDED_AVAILABILITY = YES_AGGRESSIVE;
				CLANG_WARN_UNREACHABLE_CODE = YES;
				CLANG_WARN__DUPLICATE_METHOD_MATCH = YES;
				COPY_PHASE_STRIP = NO;
				DEBUG_INFORMATION_FORMAT = dwarf;
				ENABLE_STRICT_OBJC_MSGSEND = YES;
				ENABLE_TESTABILITY = YES;
				ENABLE_USER_SCRIPT_SANDBOXING = YES;
				GCC_C_LANGUAGE_STANDARD = gnu17;
				GCC_DYNAMIC_NO_PIC = NO;
				GCC_NO_COMMON_BLOCKS = YES;
				GCC_OPTIMIZATION_LEVEL = 0;
				GCC_PREPROCESSOR_DEFINITIONS = (
					"DEBUG=1",
					"$(inherited)",
				);
				GCC_WARN_64_TO_32_BIT_CONVERSION = YES;
				GCC_WARN_ABOUT_RETURN_TYPE = YES_ERROR;
				GCC_WARN_UNDECLARED_SELECTOR = YES;
				GCC_WARN_UNINITIALIZED_AUTOS = YES_AGGRESSIVE;
				GCC_WARN_UNUSED_FUNCTION = YES;
				GCC_WARN_UNUSED_VARIABLE = YES;
				IPHONEOS_DEPLOYMENT_TARGET = 18.1;
				LOCALIZATION_PREFERS_STRING_CATALOGS = YES;
				MTL_ENABLE_DEBUG_INFO = INCLUDE_SOURCE;
				MTL_FAST_MATH = YES;
				ONLY_ACTIVE_ARCH = YES;
				SDKROOT = iphoneos;
				SWIFT_ACTIVE_COMPILATION_CONDITIONS = "DEBUG $(inherited)";
				SWIFT_OPTIMIZATION_LEVEL = "-Onone";
			};
			name = Debug;
		};
		A3812FE22E20A7D00097A760 /* Release */ = {
			isa = XCBuildConfiguration;
			buildSettings = {
				ALWAYS_SEARCH_USER_PATHS = NO;
				ASSETCATALOG_COMPILER_GENERATE_SWIFT_ASSET_SYMBOL_EXTENSIONS = YES;
				CLANG_ANALYZER_NONNULL = YES;
				CLANG_ANALYZER_NUMBER_OBJECT_CONVERSION = YES_AGGRESSIVE;
				CLANG_CXX_LANGUAGE_STANDARD = "gnu++20";
				CLANG_ENABLE_MODULES = YES;
				CLANG_ENABLE_OBJC_ARC = YES;
				CLANG_ENABLE_OBJC_WEAK = YES;
				CLANG_WARN_BLOCK_CAPTURE_AUTORELEASING = YES;
				CLANG_WARN_BOOL_CONVERSION = YES;
				CLANG_WARN_COMMA = YES;
				CLANG_WARN_CONSTANT_CONVERSION = YES;
				CLANG_WARN_DEPRECATED_OBJC_IMPLEMENTATIONS = YES;
				CLANG_WARN_DIRECT_OBJC_ISA_USAGE = YES_ERROR;
				CLANG_WARN_DOCUMENTATION_COMMENTS = YES;
				CLANG_WARN_EMPTY_BODY = YES;
				CLANG_WARN_ENUM_CONVERSION = YES;
				CLANG_WARN_INFINITE_RECURSION = YES;
				CLANG_WARN_INT_CONVERSION = YES;
				CLANG_WARN_NON_LITERAL_NULL_CONVERSION = YES;
				CLANG_WARN_OBJC_IMPLICIT_RETAIN_SELF = YES;
				CLANG_WARN_OBJC_LITERAL_CONVERSION = YES;
				CLANG_WARN_OBJC_ROOT_CLASS = YES_ERROR;
				CLANG_WARN_QUOTED_INCLUDE_IN_FRAMEWORK_HEADER = YES;
				CLANG_WARN_RANGE_LOOP_ANALYSIS = YES;
				CLANG_WARN_STRICT_PROTOTYPES = YES;
				CLANG_WARN_SUSPICIOUS_MOVE = YES;
				CLANG_WARN_UNGUARDED_AVAILABILITY = YES_AGGRESSIVE;
				CLANG_WARN_UNREACHABLE_CODE = YES;
				CLANG_WARN__DUPLICATE_METHOD_MATCH = YES;
				COPY_PHASE_STRIP = NO;
				DEBUG_INFORMATION_FORMAT = "dwarf-with-dsym";
				ENABLE_NS_ASSERTIONS = NO;
				ENABLE_STRICT_OBJC_MSGSEND = YES;
				ENABLE_USER_SCRIPT_SANDBOXING = YES;
				GCC_C_LANGUAGE_STANDARD = gnu17;
				GCC_NO_COMMON_BLOCKS = YES;
				GCC_WARN_64_TO_32_BIT_CONVERSION = YES;
				GCC_WARN_ABOUT_RETURN_TYPE = YES_ERROR;
				GCC_WARN_UNDECLARED_SELECTOR = YES;
				GCC_WARN_UNINITIALIZED_AUTOS = YES_AGGRESSIVE;
				GCC_WARN_UNUSED_FUNCTION = YES;
				GCC_WARN_UNUSED_VARIABLE = YES;
				IPHONEOS_DEPLOYMENT_TARGET = 18.1;
				LOCALIZATION_PREFERS_STRING_CATALOGS = YES;
				MTL_ENABLE_DEBUG_INFO = NO;
				MTL_FAST_MATH = YES;
				SDKROOT = iphoneos;
				SWIFT_COMPILATION_MODE = wholemodule;
				VALIDATE_PRODUCT = YES;
			};
			name = Release;
		};
		A3812FE42E20A7D00097A760 /* Debug */ = {
			isa = XCBuildConfiguration;
			buildSettings = {
				BUNDLE_LOADER = "$(TEST_HOST)";
				CODE_SIGN_STYLE = Automatic;
				CURRENT_PROJECT_VERSION = 1;
				DEVELOPMENT_TEAM = 76R68ZMQGR;
				GENERATE_INFOPLIST_FILE = YES;
				IPHONEOS_DEPLOYMENT_TARGET = 18.1;
				MARKETING_VERSION = 1.0;
				PRODUCT_BUNDLE_IDENTIFIER = "natasharadika.Practice-InputOutputTests";
				PRODUCT_NAME = "$(TARGET_NAME)";
				SWIFT_EMIT_LOC_STRINGS = NO;
				SWIFT_VERSION = 5.0;
				TARGETED_DEVICE_FAMILY = "1,2";
				TEST_HOST = "$(BUILT_PRODUCTS_DIR)/Practice_InputOutput.app/$(BUNDLE_EXECUTABLE_FOLDER_PATH)/Practice_InputOutput";
			};
			name = Debug;
		};
		A3812FE52E20A7D00097A760 /* Release */ = {
			isa = XCBuildConfiguration;
			buildSettings = {
				BUNDLE_LOADER = "$(TEST_HOST)";
				CODE_SIGN_STYLE = Automatic;
				CURRENT_PROJECT_VERSION = 1;
				DEVELOPMENT_TEAM = 76R68ZMQGR;
				GENERATE_INFOPLIST_FILE = YES;
				IPHONEOS_DEPLOYMENT_TARGET = 18.1;
				MARKETING_VERSION = 1.0;
				PRODUCT_BUNDLE_IDENTIFIER = "natasharadika.Practice-InputOutputTests";
				PRODUCT_NAME = "$(TARGET_NAME)";
				SWIFT_EMIT_LOC_STRINGS = NO;
				SWIFT_VERSION = 5.0;
				TARGETED_DEVICE_FAMILY = "1,2";
				TEST_HOST = "$(BUILT_PRODUCTS_DIR)/Practice_InputOutput.app/$(BUNDLE_EXECUTABLE_FOLDER_PATH)/Practice_InputOutput";
			};
			name = Release;
		};
		A3812FE72E20A7D00097A760 /* Debug */ = {
			isa = XCBuildConfiguration;
			buildSettings = {
				CODE_SIGN_STYLE = Automatic;
				CURRENT_PROJECT_VERSION = 1;
				DEVELOPMENT_TEAM = 76R68ZMQGR;
				GENERATE_INFOPLIST_FILE = YES;
				MARKETING_VERSION = 1.0;
				PRODUCT_BUNDLE_IDENTIFIER = "natasharadika.Practice-InputOutputUITests";
				PRODUCT_NAME = "$(TARGET_NAME)";
				SWIFT_EMIT_LOC_STRINGS = NO;
				SWIFT_VERSION = 5.0;
				TARGETED_DEVICE_FAMILY = "1,2";
				TEST_TARGET_NAME = Practice_InputOutput;
			};
			name = Debug;
		};
		A3812FE82E20A7D00097A760 /* Release */ = {
			isa = XCBuildConfiguration;
			buildSettings = {
				CODE_SIGN_STYLE = Automatic;
				CURRENT_PROJECT_VERSION = 1;
				DEVELOPMENT_TEAM = 76R68ZMQGR;
				GENERATE_INFOPLIST_FILE = YES;
				MARKETING_VERSION = 1.0;
				PRODUCT_BUNDLE_IDENTIFIER = "natasharadika.Practice-InputOutputUITests";
				PRODUCT_NAME = "$(TARGET_NAME)";
				SWIFT_EMIT_LOC_STRINGS = NO;
				SWIFT_VERSION = 5.0;
				TARGETED_DEVICE_FAMILY = "1,2";
				TEST_TARGET_NAME = Practice_InputOutput;
			};
			name = Release;
		};
/* End XCBuildConfiguration section */

/* Begin XCConfigurationList section */
		A3812FB02E20A7CF0097A760 /* Build configuration list for PBXProject "Practice_InputOutput" */ = {
			isa = XCConfigurationList;
			buildConfigurations = (
				A3812FE12E20A7D00097A760 /* Debug */,
				A3812FE22E20A7D00097A760 /* Release */,
			);
			defaultConfigurationIsVisible = 0;
			defaultConfigurationName = Release;
		};
		A3812FDE2E20A7D00097A760 /* Build configuration list for PBXNativeTarget "Practice_InputOutput" */ = {
			isa = XCConfigurationList;
			buildConfigurations = (
				A3812FDF2E20A7D00097A760 /* Debug */,
				A3812FE02E20A7D00097A760 /* Release */,
			);
			defaultConfigurationIsVisible = 0;
			defaultConfigurationName = Release;
		};
		A3812FE32E20A7D00097A760 /* Build configuration list for PBXNativeTarget "Practice_InputOutputTests" */ = {
			isa = XCConfigurationList;
			buildConfigurations = (
				A3812FE42E20A7D00097A760 /* Debug */,
				A3812FE52E20A7D00097A760 /* Release */,
			);
			defaultConfigurationIsVisible = 0;
			defaultConfigurationName = Release;
		};
		A3812FE62E20A7D00097A760 /* Build configuration list for PBXNativeTarget "Practice_InputOutputUITests" */ = {
			isa = XCConfigurationList;
			buildConfigurations = (
				A3812FE72E20A7D00097A760 /* Debug */,
				A3812FE82E20A7D00097A760 /* Release */,
			);
			defaultConfigurationIsVisible = 0;
			defaultConfigurationName = Release;
		};
/* End XCConfigurationList section */
	};
	rootObject = A3812FAD2E20A7CF0097A760 /* Project object */;
}
